// !$*UTF8*$!
{
	archiveVersion = 1;
	classes = {
	};
	objectVersion = 56;
	objects = {

/* Begin PBXBuildFile section */
		EB50C14E2AE855F900F2DE6D /* FirebaseChatApp.swift in Sources */ = {isa = PBXBuildFile; fileRef = EB50C14D2AE855F900F2DE6D /* FirebaseChatApp.swift */; };
		EB50C1502AE855F900F2DE6D /* LoginView.swift in Sources */ = {isa = PBXBuildFile; fileRef = EB50C14F2AE855F900F2DE6D /* LoginView.swift */; };
		EB50C1522AE855FA00F2DE6D /* Assets.xcassets in Resources */ = {isa = PBXBuildFile; fileRef = EB50C1512AE855FA00F2DE6D /* Assets.xcassets */; };
		EB50C1562AE855FA00F2DE6D /* Preview Assets.xcassets in Resources */ = {isa = PBXBuildFile; fileRef = EB50C1552AE855FA00F2DE6D /* Preview Assets.xcassets */; };
		EB50C15E2AE9A56F00F2DE6D /* FirebaseAnalytics in Frameworks */ = {isa = PBXBuildFile; productRef = EB50C15D2AE9A56F00F2DE6D /* FirebaseAnalytics */; };
		EB50C1602AE9A56F00F2DE6D /* FirebaseAnalyticsOnDeviceConversion in Frameworks */ = {isa = PBXBuildFile; productRef = EB50C15F2AE9A56F00F2DE6D /* FirebaseAnalyticsOnDeviceConversion */; };
		EB50C1622AE9A56F00F2DE6D /* FirebaseAnalyticsSwift in Frameworks */ = {isa = PBXBuildFile; productRef = EB50C1612AE9A56F00F2DE6D /* FirebaseAnalyticsSwift */; };
		EB50C1642AE9A56F00F2DE6D /* FirebaseAnalyticsWithoutAdIdSupport in Frameworks */ = {isa = PBXBuildFile; productRef = EB50C1632AE9A56F00F2DE6D /* FirebaseAnalyticsWithoutAdIdSupport */; };
		EB50C1662AE9A56F00F2DE6D /* FirebaseAppCheck in Frameworks */ = {isa = PBXBuildFile; productRef = EB50C1652AE9A56F00F2DE6D /* FirebaseAppCheck */; };
		EB50C1682AE9A56F00F2DE6D /* FirebaseAppDistribution-Beta in Frameworks */ = {isa = PBXBuildFile; productRef = EB50C1672AE9A56F00F2DE6D /* FirebaseAppDistribution-Beta */; };
		EB50C16A2AE9A56F00F2DE6D /* FirebaseAuth in Frameworks */ = {isa = PBXBuildFile; productRef = EB50C1692AE9A56F00F2DE6D /* FirebaseAuth */; };
		EB50C16C2AE9A56F00F2DE6D /* FirebaseAuthCombine-Community in Frameworks */ = {isa = PBXBuildFile; productRef = EB50C16B2AE9A56F00F2DE6D /* FirebaseAuthCombine-Community */; };
		EB50C16E2AE9A56F00F2DE6D /* FirebaseCrashlytics in Frameworks */ = {isa = PBXBuildFile; productRef = EB50C16D2AE9A56F00F2DE6D /* FirebaseCrashlytics */; };
		EB50C1702AE9A56F00F2DE6D /* FirebaseDatabase in Frameworks */ = {isa = PBXBuildFile; productRef = EB50C16F2AE9A56F00F2DE6D /* FirebaseDatabase */; };
		EB50C1722AE9A56F00F2DE6D /* FirebaseDatabaseSwift in Frameworks */ = {isa = PBXBuildFile; productRef = EB50C1712AE9A56F00F2DE6D /* FirebaseDatabaseSwift */; };
		EB50C1742AE9A56F00F2DE6D /* FirebaseDynamicLinks in Frameworks */ = {isa = PBXBuildFile; productRef = EB50C1732AE9A56F00F2DE6D /* FirebaseDynamicLinks */; };
		EB50C1762AE9A56F00F2DE6D /* FirebaseFirestore in Frameworks */ = {isa = PBXBuildFile; productRef = EB50C1752AE9A56F00F2DE6D /* FirebaseFirestore */; };
		EB50C1782AE9A56F00F2DE6D /* FirebaseFirestoreCombine-Community in Frameworks */ = {isa = PBXBuildFile; productRef = EB50C1772AE9A56F00F2DE6D /* FirebaseFirestoreCombine-Community */; };
		EB50C17A2AE9A56F00F2DE6D /* FirebaseFirestoreSwift in Frameworks */ = {isa = PBXBuildFile; productRef = EB50C1792AE9A56F00F2DE6D /* FirebaseFirestoreSwift */; };
		EB50C17C2AE9A56F00F2DE6D /* FirebaseFunctions in Frameworks */ = {isa = PBXBuildFile; productRef = EB50C17B2AE9A56F00F2DE6D /* FirebaseFunctions */; };
		EB50C17E2AE9A56F00F2DE6D /* FirebaseFunctionsCombine-Community in Frameworks */ = {isa = PBXBuildFile; productRef = EB50C17D2AE9A56F00F2DE6D /* FirebaseFunctionsCombine-Community */; };
		EB50C1802AE9A56F00F2DE6D /* FirebaseInAppMessaging-Beta in Frameworks */ = {isa = PBXBuildFile; productRef = EB50C17F2AE9A56F00F2DE6D /* FirebaseInAppMessaging-Beta */; };
		EB50C1822AE9A56F00F2DE6D /* FirebaseInAppMessagingSwift-Beta in Frameworks */ = {isa = PBXBuildFile; productRef = EB50C1812AE9A56F00F2DE6D /* FirebaseInAppMessagingSwift-Beta */; };
		EB50C1842AE9A56F00F2DE6D /* FirebaseInstallations in Frameworks */ = {isa = PBXBuildFile; productRef = EB50C1832AE9A56F00F2DE6D /* FirebaseInstallations */; };
		EB50C1862AE9A56F00F2DE6D /* FirebaseMLModelDownloader in Frameworks */ = {isa = PBXBuildFile; productRef = EB50C1852AE9A56F00F2DE6D /* FirebaseMLModelDownloader */; };
		EB50C1882AE9A56F00F2DE6D /* FirebaseMessaging in Frameworks */ = {isa = PBXBuildFile; productRef = EB50C1872AE9A56F00F2DE6D /* FirebaseMessaging */; };
		EB50C18A2AE9A56F00F2DE6D /* FirebasePerformance in Frameworks */ = {isa = PBXBuildFile; productRef = EB50C1892AE9A56F00F2DE6D /* FirebasePerformance */; };
		EB50C18C2AE9A56F00F2DE6D /* FirebaseRemoteConfig in Frameworks */ = {isa = PBXBuildFile; productRef = EB50C18B2AE9A56F00F2DE6D /* FirebaseRemoteConfig */; };
		EB50C18E2AE9A56F00F2DE6D /* FirebaseRemoteConfigSwift in Frameworks */ = {isa = PBXBuildFile; productRef = EB50C18D2AE9A56F00F2DE6D /* FirebaseRemoteConfigSwift */; };
		EB50C1902AE9A56F00F2DE6D /* FirebaseStorage in Frameworks */ = {isa = PBXBuildFile; productRef = EB50C18F2AE9A56F00F2DE6D /* FirebaseStorage */; };
		EB50C1922AE9A56F00F2DE6D /* FirebaseStorageCombine-Community in Frameworks */ = {isa = PBXBuildFile; productRef = EB50C1912AE9A56F00F2DE6D /* FirebaseStorageCombine-Community */; };
		EB8244542AEA028500AD6543 /* GoogleService-Info.plist in Resources */ = {isa = PBXBuildFile; fileRef = EB8244532AEA028500AD6543 /* GoogleService-Info.plist */; };
		EB8244562AEA059C00AD6543 /* ImagePicker.swift in Sources */ = {isa = PBXBuildFile; fileRef = EB8244552AEA059C00AD6543 /* ImagePicker.swift */; };
/* End PBXBuildFile section */

/* Begin PBXFileReference section */
		EB50C14A2AE855F900F2DE6D /* FirebaseChat.app */ = {isa = PBXFileReference; explicitFileType = wrapper.application; includeInIndex = 0; path = FirebaseChat.app; sourceTree = BUILT_PRODUCTS_DIR; };
		EB50C14D2AE855F900F2DE6D /* FirebaseChatApp.swift */ = {isa = PBXFileReference; lastKnownFileType = sourcecode.swift; path = FirebaseChatApp.swift; sourceTree = "<group>"; };
		EB50C14F2AE855F900F2DE6D /* LoginView.swift */ = {isa = PBXFileReference; lastKnownFileType = sourcecode.swift; path = LoginView.swift; sourceTree = "<group>"; };
		EB50C1512AE855FA00F2DE6D /* Assets.xcassets */ = {isa = PBXFileReference; lastKnownFileType = folder.assetcatalog; path = Assets.xcassets; sourceTree = "<group>"; };
		EB50C1532AE855FA00F2DE6D /* FirebaseChat.entitlements */ = {isa = PBXFileReference; lastKnownFileType = text.plist.entitlements; path = FirebaseChat.entitlements; sourceTree = "<group>"; };
		EB50C1552AE855FA00F2DE6D /* Preview Assets.xcassets */ = {isa = PBXFileReference; lastKnownFileType = folder.assetcatalog; path = "Preview Assets.xcassets"; sourceTree = "<group>"; };
		EB8244532AEA028500AD6543 /* GoogleService-Info.plist */ = {isa = PBXFileReference; fileEncoding = 4; lastKnownFileType = text.plist.xml; path = "GoogleService-Info.plist"; sourceTree = "<group>"; };
		EB8244552AEA059C00AD6543 /* ImagePicker.swift */ = {isa = PBXFileReference; lastKnownFileType = sourcecode.swift; path = ImagePicker.swift; sourceTree = "<group>"; };
/* End PBXFileReference section */

/* Begin PBXFrameworksBuildPhase section */
		EB50C1472AE855F900F2DE6D /* Frameworks */ = {
			isa = PBXFrameworksBuildPhase;
			buildActionMask = 2147483647;
			files = (
				EB50C1702AE9A56F00F2DE6D /* FirebaseDatabase in Frameworks */,
				EB50C17E2AE9A56F00F2DE6D /* FirebaseFunctionsCombine-Community in Frameworks */,
				EB50C1762AE9A56F00F2DE6D /* FirebaseFirestore in Frameworks */,
				EB50C1622AE9A56F00F2DE6D /* FirebaseAnalyticsSwift in Frameworks */,
				EB50C15E2AE9A56F00F2DE6D /* FirebaseAnalytics in Frameworks */,
				EB50C1602AE9A56F00F2DE6D /* FirebaseAnalyticsOnDeviceConversion in Frameworks */,
				EB50C1862AE9A56F00F2DE6D /* FirebaseMLModelDownloader in Frameworks */,
				EB50C17A2AE9A56F00F2DE6D /* FirebaseFirestoreSwift in Frameworks */,
				EB50C1662AE9A56F00F2DE6D /* FirebaseAppCheck in Frameworks */,
				EB50C1642AE9A56F00F2DE6D /* FirebaseAnalyticsWithoutAdIdSupport in Frameworks */,
				EB50C16A2AE9A56F00F2DE6D /* FirebaseAuth in Frameworks */,
				EB50C16E2AE9A56F00F2DE6D /* FirebaseCrashlytics in Frameworks */,
				EB50C18E2AE9A56F00F2DE6D /* FirebaseRemoteConfigSwift in Frameworks */,
				EB50C1802AE9A56F00F2DE6D /* FirebaseInAppMessaging-Beta in Frameworks */,
				EB50C1722AE9A56F00F2DE6D /* FirebaseDatabaseSwift in Frameworks */,
				EB50C17C2AE9A56F00F2DE6D /* FirebaseFunctions in Frameworks */,
				EB50C1922AE9A56F00F2DE6D /* FirebaseStorageCombine-Community in Frameworks */,
				EB50C18C2AE9A56F00F2DE6D /* FirebaseRemoteConfig in Frameworks */,
				EB50C1682AE9A56F00F2DE6D /* FirebaseAppDistribution-Beta in Frameworks */,
				EB50C16C2AE9A56F00F2DE6D /* FirebaseAuthCombine-Community in Frameworks */,
				EB50C18A2AE9A56F00F2DE6D /* FirebasePerformance in Frameworks */,
				EB50C1822AE9A56F00F2DE6D /* FirebaseInAppMessagingSwift-Beta in Frameworks */,
				EB50C1902AE9A56F00F2DE6D /* FirebaseStorage in Frameworks */,
				EB50C1742AE9A56F00F2DE6D /* FirebaseDynamicLinks in Frameworks */,
				EB50C1782AE9A56F00F2DE6D /* FirebaseFirestoreCombine-Community in Frameworks */,
				EB50C1882AE9A56F00F2DE6D /* FirebaseMessaging in Frameworks */,
				EB50C1842AE9A56F00F2DE6D /* FirebaseInstallations in Frameworks */,
			);
			runOnlyForDeploymentPostprocessing = 0;
		};
/* End PBXFrameworksBuildPhase section */

/* Begin PBXGroup section */
		EB50C1412AE855F900F2DE6D = {
			isa = PBXGroup;
			children = (
				EB50C14C2AE855F900F2DE6D /* FirebaseChat */,
				EB50C14B2AE855F900F2DE6D /* Products */,
			);
			sourceTree = "<group>";
		};
		EB50C14B2AE855F900F2DE6D /* Products */ = {
			isa = PBXGroup;
			children = (
				EB50C14A2AE855F900F2DE6D /* FirebaseChat.app */,
			);
			name = Products;
			sourceTree = "<group>";
		};
		EB50C14C2AE855F900F2DE6D /* FirebaseChat */ = {
			isa = PBXGroup;
			children = (
				EB50C14D2AE855F900F2DE6D /* FirebaseChatApp.swift */,
				EB50C14F2AE855F900F2DE6D /* LoginView.swift */,
				EB8244532AEA028500AD6543 /* GoogleService-Info.plist */,
				EB50C1512AE855FA00F2DE6D /* Assets.xcassets */,
				EB8244552AEA059C00AD6543 /* ImagePicker.swift */,
				EB50C1532AE855FA00F2DE6D /* FirebaseChat.entitlements */,
				EB50C1542AE855FA00F2DE6D /* Preview Content */,
			);
			path = FirebaseChat;
			sourceTree = "<group>";
		};
		EB50C1542AE855FA00F2DE6D /* Preview Content */ = {
			isa = PBXGroup;
			children = (
				EB50C1552AE855FA00F2DE6D /* Preview Assets.xcassets */,
			);
			path = "Preview Content";
			sourceTree = "<group>";
		};
/* End PBXGroup section */

/* Begin PBXNativeTarget section */
		EB50C1492AE855F900F2DE6D /* FirebaseChat */ = {
			isa = PBXNativeTarget;
			buildConfigurationList = EB50C1592AE855FA00F2DE6D /* Build configuration list for PBXNativeTarget "FirebaseChat" */;
			buildPhases = (
				EB50C1462AE855F900F2DE6D /* Sources */,
				EB50C1472AE855F900F2DE6D /* Frameworks */,
				EB50C1482AE855F900F2DE6D /* Resources */,
			);
			buildRules = (
			);
			dependencies = (
			);
			name = FirebaseChat;
			packageProductDependencies = (
				EB50C15D2AE9A56F00F2DE6D /* FirebaseAnalytics */,
				EB50C15F2AE9A56F00F2DE6D /* FirebaseAnalyticsOnDeviceConversion */,
				EB50C1612AE9A56F00F2DE6D /* FirebaseAnalyticsSwift */,
				EB50C1632AE9A56F00F2DE6D /* FirebaseAnalyticsWithoutAdIdSupport */,
				EB50C1652AE9A56F00F2DE6D /* FirebaseAppCheck */,
				EB50C1672AE9A56F00F2DE6D /* FirebaseAppDistribution-Beta */,
				EB50C1692AE9A56F00F2DE6D /* FirebaseAuth */,
				EB50C16B2AE9A56F00F2DE6D /* FirebaseAuthCombine-Community */,
				EB50C16D2AE9A56F00F2DE6D /* FirebaseCrashlytics */,
				EB50C16F2AE9A56F00F2DE6D /* FirebaseDatabase */,
				EB50C1712AE9A56F00F2DE6D /* FirebaseDatabaseSwift */,
				EB50C1732AE9A56F00F2DE6D /* FirebaseDynamicLinks */,
				EB50C1752AE9A56F00F2DE6D /* FirebaseFirestore */,
				EB50C1772AE9A56F00F2DE6D /* FirebaseFirestoreCombine-Community */,
				EB50C1792AE9A56F00F2DE6D /* FirebaseFirestoreSwift */,
				EB50C17B2AE9A56F00F2DE6D /* FirebaseFunctions */,
				EB50C17D2AE9A56F00F2DE6D /* FirebaseFunctionsCombine-Community */,
				EB50C17F2AE9A56F00F2DE6D /* FirebaseInAppMessaging-Beta */,
				EB50C1812AE9A56F00F2DE6D /* FirebaseInAppMessagingSwift-Beta */,
				EB50C1832AE9A56F00F2DE6D /* FirebaseInstallations */,
				EB50C1852AE9A56F00F2DE6D /* FirebaseMLModelDownloader */,
				EB50C1872AE9A56F00F2DE6D /* FirebaseMessaging */,
				EB50C1892AE9A56F00F2DE6D /* FirebasePerformance */,
				EB50C18B2AE9A56F00F2DE6D /* FirebaseRemoteConfig */,
				EB50C18D2AE9A56F00F2DE6D /* FirebaseRemoteConfigSwift */,
				EB50C18F2AE9A56F00F2DE6D /* FirebaseStorage */,
				EB50C1912AE9A56F00F2DE6D /* FirebaseStorageCombine-Community */,
			);
			productName = FirebaseChat;
			productReference = EB50C14A2AE855F900F2DE6D /* FirebaseChat.app */;
			productType = "com.apple.product-type.application";
		};
/* End PBXNativeTarget section */

/* Begin PBXProject section */
		EB50C1422AE855F900F2DE6D /* Project object */ = {
			isa = PBXProject;
			attributes = {
				BuildIndependentTargetsInParallel = 1;
				LastSwiftUpdateCheck = 1500;
				LastUpgradeCheck = 1500;
				TargetAttributes = {
					EB50C1492AE855F900F2DE6D = {
						CreatedOnToolsVersion = 15.0;
					};
				};
			};
			buildConfigurationList = EB50C1452AE855F900F2DE6D /* Build configuration list for PBXProject "FirebaseChat" */;
			compatibilityVersion = "Xcode 14.0";
			developmentRegion = en;
			hasScannedForEncodings = 0;
			knownRegions = (
				en,
				Base,
			);
			mainGroup = EB50C1412AE855F900F2DE6D;
			packageReferences = (
				EB50C15C2AE9A56F00F2DE6D /* XCRemoteSwiftPackageReference "firebase-ios-sdk" */,
			);
			productRefGroup = EB50C14B2AE855F900F2DE6D /* Products */;
			projectDirPath = "";
			projectRoot = "";
			targets = (
				EB50C1492AE855F900F2DE6D /* FirebaseChat */,
			);
		};
/* End PBXProject section */

/* Begin PBXResourcesBuildPhase section */
		EB50C1482AE855F900F2DE6D /* Resources */ = {
			isa = PBXResourcesBuildPhase;
			buildActionMask = 2147483647;
			files = (
				EB50C1562AE855FA00F2DE6D /* Preview Assets.xcassets in Resources */,
				EB50C1522AE855FA00F2DE6D /* Assets.xcassets in Resources */,
				EB8244542AEA028500AD6543 /* GoogleService-Info.plist in Resources */,
			);
			runOnlyForDeploymentPostprocessing = 0;
		};
/* End PBXResourcesBuildPhase section */

/* Begin PBXSourcesBuildPhase section */
		EB50C1462AE855F900F2DE6D /* Sources */ = {
			isa = PBXSourcesBuildPhase;
			buildActionMask = 2147483647;
			files = (
				EB8244562AEA059C00AD6543 /* ImagePicker.swift in Sources */,
				EB50C1502AE855F900F2DE6D /* LoginView.swift in Sources */,
				EB50C14E2AE855F900F2DE6D /* FirebaseChatApp.swift in Sources */,
			);
			runOnlyForDeploymentPostprocessing = 0;
		};
/* End PBXSourcesBuildPhase section */

/* Begin XCBuildConfiguration section */
		EB50C1572AE855FA00F2DE6D /* Debug */ = {
			isa = XCBuildConfiguration;
			buildSettings = {
				ALWAYS_SEARCH_USER_PATHS = NO;
				ASSETCATALOG_COMPILER_GENERATE_SWIFT_ASSET_SYMBOL_EXTENSIONS = YES;
				CLANG_ANALYZER_NONNULL = YES;
				CLANG_ANALYZER_NUMBER_OBJECT_CONVERSION = YES_AGGRESSIVE;
				CLANG_CXX_LANGUAGE_STANDARD = "gnu++20";
				CLANG_ENABLE_MODULES = YES;
				CLANG_ENABLE_OBJC_ARC = YES;
				CLANG_ENABLE_OBJC_WEAK = YES;
				CLANG_WARN_BLOCK_CAPTURE_AUTORELEASING = YES;
				CLANG_WARN_BOOL_CONVERSION = YES;
				CLANG_WARN_COMMA = YES;
				CLANG_WARN_CONSTANT_CONVERSION = YES;
				CLANG_WARN_DEPRECATED_OBJC_IMPLEMENTATIONS = YES;
				CLANG_WARN_DIRECT_OBJC_ISA_USAGE = YES_ERROR;
				CLANG_WARN_DOCUMENTATION_COMMENTS = YES;
				CLANG_WARN_EMPTY_BODY = YES;
				CLANG_WARN_ENUM_CONVERSION = YES;
				CLANG_WARN_INFINITE_RECURSION = YES;
				CLANG_WARN_INT_CONVERSION = YES;
				CLANG_WARN_NON_LITERAL_NULL_CONVERSION = YES;
				CLANG_WARN_OBJC_IMPLICIT_RETAIN_SELF = YES;
				CLANG_WARN_OBJC_LITERAL_CONVERSION = YES;
				CLANG_WARN_OBJC_ROOT_CLASS = YES_ERROR;
				CLANG_WARN_QUOTED_INCLUDE_IN_FRAMEWORK_HEADER = YES;
				CLANG_WARN_RANGE_LOOP_ANALYSIS = YES;
				CLANG_WARN_STRICT_PROTOTYPES = YES;
				CLANG_WARN_SUSPICIOUS_MOVE = YES;
				CLANG_WARN_UNGUARDED_AVAILABILITY = YES_AGGRESSIVE;
				CLANG_WARN_UNREACHABLE_CODE = YES;
				CLANG_WARN__DUPLICATE_METHOD_MATCH = YES;
				COPY_PHASE_STRIP = NO;
				DEBUG_INFORMATION_FORMAT = dwarf;
				ENABLE_STRICT_OBJC_MSGSEND = YES;
				ENABLE_TESTABILITY = YES;
				ENABLE_USER_SCRIPT_SANDBOXING = YES;
				GCC_C_LANGUAGE_STANDARD = gnu17;
				GCC_DYNAMIC_NO_PIC = NO;
				GCC_NO_COMMON_BLOCKS = YES;
				GCC_OPTIMIZATION_LEVEL = 0;
				GCC_PREPROCESSOR_DEFINITIONS = (
					"DEBUG=1",
					"$(inherited)",
				);
				GCC_WARN_64_TO_32_BIT_CONVERSION = YES;
				GCC_WARN_ABOUT_RETURN_TYPE = YES_ERROR;
				GCC_WARN_UNDECLARED_SELECTOR = YES;
				GCC_WARN_UNINITIALIZED_AUTOS = YES_AGGRESSIVE;
				GCC_WARN_UNUSED_FUNCTION = YES;
				GCC_WARN_UNUSED_VARIABLE = YES;
				LOCALIZATION_PREFERS_STRING_CATALOGS = YES;
				MTL_ENABLE_DEBUG_INFO = INCLUDE_SOURCE;
				MTL_FAST_MATH = YES;
				ONLY_ACTIVE_ARCH = YES;
				SWIFT_ACTIVE_COMPILATION_CONDITIONS = "DEBUG $(inherited)";
				SWIFT_OPTIMIZATION_LEVEL = "-Onone";
			};
			name = Debug;
		};
		EB50C1582AE855FA00F2DE6D /* Release */ = {
			isa = XCBuildConfiguration;
			buildSettings = {
				ALWAYS_SEARCH_USER_PATHS = NO;
				ASSETCATALOG_COMPILER_GENERATE_SWIFT_ASSET_SYMBOL_EXTENSIONS = YES;
				CLANG_ANALYZER_NONNULL = YES;
				CLANG_ANALYZER_NUMBER_OBJECT_CONVERSION = YES_AGGRESSIVE;
				CLANG_CXX_LANGUAGE_STANDARD = "gnu++20";
				CLANG_ENABLE_MODULES = YES;
				CLANG_ENABLE_OBJC_ARC = YES;
				CLANG_ENABLE_OBJC_WEAK = YES;
				CLANG_WARN_BLOCK_CAPTURE_AUTORELEASING = YES;
				CLANG_WARN_BOOL_CONVERSION = YES;
				CLANG_WARN_COMMA = YES;
				CLANG_WARN_CONSTANT_CONVERSION = YES;
				CLANG_WARN_DEPRECATED_OBJC_IMPLEMENTATIONS = YES;
				CLANG_WARN_DIRECT_OBJC_ISA_USAGE = YES_ERROR;
				CLANG_WARN_DOCUMENTATION_COMMENTS = YES;
				CLANG_WARN_EMPTY_BODY = YES;
				CLANG_WARN_ENUM_CONVERSION = YES;
				CLANG_WARN_INFINITE_RECURSION = YES;
				CLANG_WARN_INT_CONVERSION = YES;
				CLANG_WARN_NON_LITERAL_NULL_CONVERSION = YES;
				CLANG_WARN_OBJC_IMPLICIT_RETAIN_SELF = YES;
				CLANG_WARN_OBJC_LITERAL_CONVERSION = YES;
				CLANG_WARN_OBJC_ROOT_CLASS = YES_ERROR;
				CLANG_WARN_QUOTED_INCLUDE_IN_FRAMEWORK_HEADER = YES;
				CLANG_WARN_RANGE_LOOP_ANALYSIS = YES;
				CLANG_WARN_STRICT_PROTOTYPES = YES;
				CLANG_WARN_SUSPICIOUS_MOVE = YES;
				CLANG_WARN_UNGUARDED_AVAILABILITY = YES_AGGRESSIVE;
				CLANG_WARN_UNREACHABLE_CODE = YES;
				CLANG_WARN__DUPLICATE_METHOD_MATCH = YES;
				COPY_PHASE_STRIP = NO;
				DEBUG_INFORMATION_FORMAT = "dwarf-with-dsym";
				ENABLE_NS_ASSERTIONS = NO;
				ENABLE_STRICT_OBJC_MSGSEND = YES;
				ENABLE_USER_SCRIPT_SANDBOXING = YES;
				GCC_C_LANGUAGE_STANDARD = gnu17;
				GCC_NO_COMMON_BLOCKS = YES;
				GCC_WARN_64_TO_32_BIT_CONVERSION = YES;
				GCC_WARN_ABOUT_RETURN_TYPE = YES_ERROR;
				GCC_WARN_UNDECLARED_SELECTOR = YES;
				GCC_WARN_UNINITIALIZED_AUTOS = YES_AGGRESSIVE;
				GCC_WARN_UNUSED_FUNCTION = YES;
				GCC_WARN_UNUSED_VARIABLE = YES;
				LOCALIZATION_PREFERS_STRING_CATALOGS = YES;
				MTL_ENABLE_DEBUG_INFO = NO;
				MTL_FAST_MATH = YES;
				SWIFT_COMPILATION_MODE = wholemodule;
			};
			name = Release;
		};
		EB50C15A2AE855FA00F2DE6D /* Debug */ = {
			isa = XCBuildConfiguration;
			buildSettings = {
				ASSETCATALOG_COMPILER_APPICON_NAME = AppIcon;
				ASSETCATALOG_COMPILER_GLOBAL_ACCENT_COLOR_NAME = AccentColor;
				CODE_SIGN_ENTITLEMENTS = FirebaseChat/FirebaseChat.entitlements;
				CODE_SIGN_STYLE = Automatic;
				CURRENT_PROJECT_VERSION = 1;
				DEVELOPMENT_ASSET_PATHS = "\"FirebaseChat/Preview Content\"";
				DEVELOPMENT_TEAM = 9T98QB7DLD;
				ENABLE_HARDENED_RUNTIME = YES;
				ENABLE_PREVIEWS = YES;
				GENERATE_INFOPLIST_FILE = YES;
				"INFOPLIST_KEY_UIApplicationSceneManifest_Generation[sdk=iphoneos*]" = YES;
				"INFOPLIST_KEY_UIApplicationSceneManifest_Generation[sdk=iphonesimulator*]" = YES;
				"INFOPLIST_KEY_UIApplicationSupportsIndirectInputEvents[sdk=iphoneos*]" = YES;
				"INFOPLIST_KEY_UIApplicationSupportsIndirectInputEvents[sdk=iphonesimulator*]" = YES;
				"INFOPLIST_KEY_UILaunchScreen_Generation[sdk=iphoneos*]" = YES;
				"INFOPLIST_KEY_UILaunchScreen_Generation[sdk=iphonesimulator*]" = YES;
				"INFOPLIST_KEY_UIStatusBarStyle[sdk=iphoneos*]" = UIStatusBarStyleDefault;
				"INFOPLIST_KEY_UIStatusBarStyle[sdk=iphonesimulator*]" = UIStatusBarStyleDefault;
				INFOPLIST_KEY_UISupportedInterfaceOrientations_iPad = "UIInterfaceOrientationPortrait UIInterfaceOrientationPortraitUpsideDown UIInterfaceOrientationLandscapeLeft UIInterfaceOrientationLandscapeRight";
				INFOPLIST_KEY_UISupportedInterfaceOrientations_iPhone = "UIInterfaceOrientationPortrait UIInterfaceOrientationLandscapeLeft UIInterfaceOrientationLandscapeRight";
				IPHONEOS_DEPLOYMENT_TARGET = 17.0;
				LD_RUNPATH_SEARCH_PATHS = "@executable_path/Frameworks";
				"LD_RUNPATH_SEARCH_PATHS[sdk=macosx*]" = "@executable_path/../Frameworks";
				MACOSX_DEPLOYMENT_TARGET = 14.0;
				MARKETING_VERSION = 1.0;
				PRODUCT_BUNDLE_IDENTIFIER = PaulHuynh.FirebaseChat;
				PRODUCT_NAME = "$(TARGET_NAME)";
				SDKROOT = auto;
				SUPPORTED_PLATFORMS = "iphoneos iphonesimulator macosx";
				SWIFT_EMIT_LOC_STRINGS = YES;
				SWIFT_VERSION = 5.0;
				TARGETED_DEVICE_FAMILY = "1,2";
			};
			name = Debug;
		};
		EB50C15B2AE855FA00F2DE6D /* Release */ = {
			isa = XCBuildConfiguration;
			buildSettings = {
				ASSETCATALOG_COMPILER_APPICON_NAME = AppIcon;
				ASSETCATALOG_COMPILER_GLOBAL_ACCENT_COLOR_NAME = AccentColor;
				CODE_SIGN_ENTITLEMENTS = FirebaseChat/FirebaseChat.entitlements;
				CODE_SIGN_STYLE = Automatic;
				CURRENT_PROJECT_VERSION = 1;
				DEVELOPMENT_ASSET_PATHS = "\"FirebaseChat/Preview Content\"";
				DEVELOPMENT_TEAM = 9T98QB7DLD;
				ENABLE_HARDENED_RUNTIME = YES;
				ENABLE_PREVIEWS = YES;
				GENERATE_INFOPLIST_FILE = YES;
				"INFOPLIST_KEY_UIApplicationSceneManifest_Generation[sdk=iphoneos*]" = YES;
				"INFOPLIST_KEY_UIApplicationSceneManifest_Generation[sdk=iphonesimulator*]" = YES;
				"INFOPLIST_KEY_UIApplicationSupportsIndirectInputEvents[sdk=iphoneos*]" = YES;
				"INFOPLIST_KEY_UIApplicationSupportsIndirectInputEvents[sdk=iphonesimulator*]" = YES;
				"INFOPLIST_KEY_UILaunchScreen_Generation[sdk=iphoneos*]" = YES;
				"INFOPLIST_KEY_UILaunchScreen_Generation[sdk=iphonesimulator*]" = YES;
				"INFOPLIST_KEY_UIStatusBarStyle[sdk=iphoneos*]" = UIStatusBarStyleDefault;
				"INFOPLIST_KEY_UIStatusBarStyle[sdk=iphonesimulator*]" = UIStatusBarStyleDefault;
				INFOPLIST_KEY_UISupportedInterfaceOrientations_iPad = "UIInterfaceOrientationPortrait UIInterfaceOrientationPortraitUpsideDown UIInterfaceOrientationLandscapeLeft UIInterfaceOrientationLandscapeRight";
				INFOPLIST_KEY_UISupportedInterfaceOrientations_iPhone = "UIInterfaceOrientationPortrait UIInterfaceOrientationLandscapeLeft UIInterfaceOrientationLandscapeRight";
				IPHONEOS_DEPLOYMENT_TARGET = 17.0;
				LD_RUNPATH_SEARCH_PATHS = "@executable_path/Frameworks";
				"LD_RUNPATH_SEARCH_PATHS[sdk=macosx*]" = "@executable_path/../Frameworks";
				MACOSX_DEPLOYMENT_TARGET = 14.0;
				MARKETING_VERSION = 1.0;
				PRODUCT_BUNDLE_IDENTIFIER = PaulHuynh.FirebaseChat;
				PRODUCT_NAME = "$(TARGET_NAME)";
				SDKROOT = auto;
				SUPPORTED_PLATFORMS = "iphoneos iphonesimulator macosx";
				SWIFT_EMIT_LOC_STRINGS = YES;
				SWIFT_VERSION = 5.0;
				TARGETED_DEVICE_FAMILY = "1,2";
			};
			name = Release;
		};
/* End XCBuildConfiguration section */

/* Begin XCConfigurationList section */
		EB50C1452AE855F900F2DE6D /* Build configuration list for PBXProject "FirebaseChat" */ = {
			isa = XCConfigurationList;
			buildConfigurations = (
				EB50C1572AE855FA00F2DE6D /* Debug */,
				EB50C1582AE855FA00F2DE6D /* Release */,
			);
			defaultConfigurationIsVisible = 0;
			defaultConfigurationName = Release;
		};
		EB50C1592AE855FA00F2DE6D /* Build configuration list for PBXNativeTarget "FirebaseChat" */ = {
			isa = XCConfigurationList;
			buildConfigurations = (
				EB50C15A2AE855FA00F2DE6D /* Debug */,
				EB50C15B2AE855FA00F2DE6D /* Release */,
			);
			defaultConfigurationIsVisible = 0;
			defaultConfigurationName = Release;
		};
/* End XCConfigurationList section */

/* Begin XCRemoteSwiftPackageReference section */
		EB50C15C2AE9A56F00F2DE6D /* XCRemoteSwiftPackageReference "firebase-ios-sdk" */ = {
			isa = XCRemoteSwiftPackageReference;
			repositoryURL = "https://github.com/firebase/firebase-ios-sdk.git";
			requirement = {
				kind = upToNextMajorVersion;
				minimumVersion = 10.16.0;
			};
		};
/* End XCRemoteSwiftPackageReference section */

/* Begin XCSwiftPackageProductDependency section */
		EB50C15D2AE9A56F00F2DE6D /* FirebaseAnalytics */ = {
			isa = XCSwiftPackageProductDependency;
			package = EB50C15C2AE9A56F00F2DE6D /* XCRemoteSwiftPackageReference "firebase-ios-sdk" */;
			productName = FirebaseAnalytics;
		};
		EB50C15F2AE9A56F00F2DE6D /* FirebaseAnalyticsOnDeviceConversion */ = {
			isa = XCSwiftPackageProductDependency;
			package = EB50C15C2AE9A56F00F2DE6D /* XCRemoteSwiftPackageReference "firebase-ios-sdk" */;
			productName = FirebaseAnalyticsOnDeviceConversion;
		};
		EB50C1612AE9A56F00F2DE6D /* FirebaseAnalyticsSwift */ = {
			isa = XCSwiftPackageProductDependency;
			package = EB50C15C2AE9A56F00F2DE6D /* XCRemoteSwiftPackageReference "firebase-ios-sdk" */;
			productName = FirebaseAnalyticsSwift;
		};
		EB50C1632AE9A56F00F2DE6D /* FirebaseAnalyticsWithoutAdIdSupport */ = {
			isa = XCSwiftPackageProductDependency;
			package = EB50C15C2AE9A56F00F2DE6D /* XCRemoteSwiftPackageReference "firebase-ios-sdk" */;
			productName = FirebaseAnalyticsWithoutAdIdSupport;
		};
		EB50C1652AE9A56F00F2DE6D /* FirebaseAppCheck */ = {
			isa = XCSwiftPackageProductDependency;
			package = EB50C15C2AE9A56F00F2DE6D /* XCRemoteSwiftPackageReference "firebase-ios-sdk" */;
			productName = FirebaseAppCheck;
		};
		EB50C1672AE9A56F00F2DE6D /* FirebaseAppDistribution-Beta */ = {
			isa = XCSwiftPackageProductDependency;
			package = EB50C15C2AE9A56F00F2DE6D /* XCRemoteSwiftPackageReference "firebase-ios-sdk" */;
			productName = "FirebaseAppDistribution-Beta";
		};
		EB50C1692AE9A56F00F2DE6D /* FirebaseAuth */ = {
			isa = XCSwiftPackageProductDependency;
			package = EB50C15C2AE9A56F00F2DE6D /* XCRemoteSwiftPackageReference "firebase-ios-sdk" */;
			productName = FirebaseAuth;
		};
		EB50C16B2AE9A56F00F2DE6D /* FirebaseAuthCombine-Community */ = {
			isa = XCSwiftPackageProductDependency;
			package = EB50C15C2AE9A56F00F2DE6D /* XCRemoteSwiftPackageReference "firebase-ios-sdk" */;
			productName = "FirebaseAuthCombine-Community";
		};
		EB50C16D2AE9A56F00F2DE6D /* FirebaseCrashlytics */ = {
			isa = XCSwiftPackageProductDependency;
			package = EB50C15C2AE9A56F00F2DE6D /* XCRemoteSwiftPackageReference "firebase-ios-sdk" */;
			productName = FirebaseCrashlytics;
		};
		EB50C16F2AE9A56F00F2DE6D /* FirebaseDatabase */ = {
			isa = XCSwiftPackageProductDependency;
			package = EB50C15C2AE9A56F00F2DE6D /* XCRemoteSwiftPackageReference "firebase-ios-sdk" */;
			productName = FirebaseDatabase;
		};
		EB50C1712AE9A56F00F2DE6D /* FirebaseDatabaseSwift */ = {
			isa = XCSwiftPackageProductDependency;
			package = EB50C15C2AE9A56F00F2DE6D /* XCRemoteSwiftPackageReference "firebase-ios-sdk" */;
			productName = FirebaseDatabaseSwift;
		};
		EB50C1732AE9A56F00F2DE6D /* FirebaseDynamicLinks */ = {
			isa = XCSwiftPackageProductDependency;
			package = EB50C15C2AE9A56F00F2DE6D /* XCRemoteSwiftPackageReference "firebase-ios-sdk" */;
			productName = FirebaseDynamicLinks;
		};
		EB50C1752AE9A56F00F2DE6D /* FirebaseFirestore */ = {
			isa = XCSwiftPackageProductDependency;
			package = EB50C15C2AE9A56F00F2DE6D /* XCRemoteSwiftPackageReference "firebase-ios-sdk" */;
			productName = FirebaseFirestore;
		};
		EB50C1772AE9A56F00F2DE6D /* FirebaseFirestoreCombine-Community */ = {
			isa = XCSwiftPackageProductDependency;
			package = EB50C15C2AE9A56F00F2DE6D /* XCRemoteSwiftPackageReference "firebase-ios-sdk" */;
			productName = "FirebaseFirestoreCombine-Community";
		};
		EB50C1792AE9A56F00F2DE6D /* FirebaseFirestoreSwift */ = {
			isa = XCSwiftPackageProductDependency;
			package = EB50C15C2AE9A56F00F2DE6D /* XCRemoteSwiftPackageReference "firebase-ios-sdk" */;
			productName = FirebaseFirestoreSwift;
		};
		EB50C17B2AE9A56F00F2DE6D /* FirebaseFunctions */ = {
			isa = XCSwiftPackageProductDependency;
			package = EB50C15C2AE9A56F00F2DE6D /* XCRemoteSwiftPackageReference "firebase-ios-sdk" */;
			productName = FirebaseFunctions;
		};
		EB50C17D2AE9A56F00F2DE6D /* FirebaseFunctionsCombine-Community */ = {
			isa = XCSwiftPackageProductDependency;
			package = EB50C15C2AE9A56F00F2DE6D /* XCRemoteSwiftPackageReference "firebase-ios-sdk" */;
			productName = "FirebaseFunctionsCombine-Community";
		};
		EB50C17F2AE9A56F00F2DE6D /* FirebaseInAppMessaging-Beta */ = {
			isa = XCSwiftPackageProductDependency;
			package = EB50C15C2AE9A56F00F2DE6D /* XCRemoteSwiftPackageReference "firebase-ios-sdk" */;
			productName = "FirebaseInAppMessaging-Beta";
		};
		EB50C1812AE9A56F00F2DE6D /* FirebaseInAppMessagingSwift-Beta */ = {
			isa = XCSwiftPackageProductDependency;
			package = EB50C15C2AE9A56F00F2DE6D /* XCRemoteSwiftPackageReference "firebase-ios-sdk" */;
			productName = "FirebaseInAppMessagingSwift-Beta";
		};
		EB50C1832AE9A56F00F2DE6D /* FirebaseInstallations */ = {
			isa = XCSwiftPackageProductDependency;
			package = EB50C15C2AE9A56F00F2DE6D /* XCRemoteSwiftPackageReference "firebase-ios-sdk" */;
			productName = FirebaseInstallations;
		};
		EB50C1852AE9A56F00F2DE6D /* FirebaseMLModelDownloader */ = {
			isa = XCSwiftPackageProductDependency;
			package = EB50C15C2AE9A56F00F2DE6D /* XCRemoteSwiftPackageReference "firebase-ios-sdk" */;
			productName = FirebaseMLModelDownloader;
		};
		EB50C1872AE9A56F00F2DE6D /* FirebaseMessaging */ = {
			isa = XCSwiftPackageProductDependency;
			package = EB50C15C2AE9A56F00F2DE6D /* XCRemoteSwiftPackageReference "firebase-ios-sdk" */;
			productName = FirebaseMessaging;
		};
		EB50C1892AE9A56F00F2DE6D /* FirebasePerformance */ = {
			isa = XCSwiftPackageProductDependency;
			package = EB50C15C2AE9A56F00F2DE6D /* XCRemoteSwiftPackageReference "firebase-ios-sdk" */;
			productName = FirebasePerformance;
		};
		EB50C18B2AE9A56F00F2DE6D /* FirebaseRemoteConfig */ = {
			isa = XCSwiftPackageProductDependency;
			package = EB50C15C2AE9A56F00F2DE6D /* XCRemoteSwiftPackageReference "firebase-ios-sdk" */;
			productName = FirebaseRemoteConfig;
		};
		EB50C18D2AE9A56F00F2DE6D /* FirebaseRemoteConfigSwift */ = {
			isa = XCSwiftPackageProductDependency;
			package = EB50C15C2AE9A56F00F2DE6D /* XCRemoteSwiftPackageReference "firebase-ios-sdk" */;
			productName = FirebaseRemoteConfigSwift;
		};
		EB50C18F2AE9A56F00F2DE6D /* FirebaseStorage */ = {
			isa = XCSwiftPackageProductDependency;
			package = EB50C15C2AE9A56F00F2DE6D /* XCRemoteSwiftPackageReference "firebase-ios-sdk" */;
			productName = FirebaseStorage;
		};
		EB50C1912AE9A56F00F2DE6D /* FirebaseStorageCombine-Community */ = {
			isa = XCSwiftPackageProductDependency;
			package = EB50C15C2AE9A56F00F2DE6D /* XCRemoteSwiftPackageReference "firebase-ios-sdk" */;
			productName = "FirebaseStorageCombine-Community";
		};
/* End XCSwiftPackageProductDependency section */
	};
	rootObject = EB50C1422AE855F900F2DE6D /* Project object */;
}
